# This file is autogenerated, do not edit; changes may be undone by the next 'dep ensure'.


[[projects]]
  digest = "1:1941af3ef61806a8a9b818c45156145f815abaa0adc11284b87cafd73aa5e432"
  name = "9fans.net/go"
  packages = [
    "acme",
    "draw",
    "draw/drawfcall",
    "plan9",
    "plan9/client",
  ]
  pruneopts = "UT"
  revision = "607f0e874ba2877b068b4dd302d30369528938bd"
  version = "v0.0.2"

[[projects]]
  digest = "1:f780d408067189c4c42b53f7bb24ebf8fd2a1e4510b813ed6e79dd6563e38cc5"
  name = "github.com/ajg/form"
  packages = ["."]
  pruneopts = "UT"
  revision = "5c4e22684113ffc2a77577c178189940925f9aef"
  version = "v1.5.1"

[[projects]]
  digest = "1:034aa34de85cd2dd1354f95ff5e6ff64f76e92c20f90a1a6361615466ac4a445"
  name = "github.com/cosiner/argv"
  packages = ["."]
  pruneopts = "UT"
  revision = "edfd3b0cb5148fc3056ec72a88866dc89d34f8cd"
  version = "v0.0.1"

[[projects]]
  digest = "1:7cb4fdca4c251b3ef8027c90ea35f70c7b661a593b9eeae34753c65499098bb1"
  name = "github.com/cpuguy83/go-md2man"
  packages = ["md2man"]
  pruneopts = "UT"
  revision = "7762f7e404f8416dfa1d9bb6a8c192aa9acb4d19"
  version = "v1.0.10"

[[projects]]
  digest = "1:4b8b5811da6970495e04d1f4e98bb89518cc3cfc3b3f456bdb876ed7b6c74049"
  name = "github.com/davecgh/go-spew"
  packages = [
    "spew",
    "spew/testdata",
  ]
  pruneopts = "UT"
  revision = "8991bc29aa16c548c550c7ff78260e27b9ab7c73"
  version = "v1.1.1"

[[projects]]
  branch = "master"
  digest = "1:d21ca367d43f61f3de3adfbf6e2d4ca73dcba3f926020880f890e672e5fe3714"
  name = "github.com/denisenkom/go-mssqldb"
  packages = [
    ".",
    "internal/cp",
    "internal/decimal",
    "internal/querytext",
  ]
  pruneopts = "UT"
  revision = "aa4949efa320f9f6b95d0a7ec75284efb57819e4"

[[projects]]
  digest = "1:76dc72490af7174349349838f2fe118996381b31ea83243812a97e5a0fd5ed55"
  name = "github.com/dgrijalva/jwt-go"
  packages = ["."]
  pruneopts = "UT"
  revision = "06ea1031745cb8b3dab3f6a236daf2b0aa468b7e"
  version = "v3.2.0"

[[projects]]
  branch = "master"
  digest = "1:c3350d654d335f3bd199e44805f79da6d5a29b254a3457b83ac399210824c89b"
  name = "github.com/erikstmartin/go-testdb"
  packages = ["."]
  pruneopts = "UT"
  revision = "8d10e4a1bae52cd8b81ffdec3445890d6dccab3d"

[[projects]]
  digest = "1:af43bdaaf86655a2343f113e9b293bbc16b12099eaeb223982bbe4d4c22ba14d"
  name = "github.com/fatih/structs"
  packages = ["."]
  pruneopts = "UT"
  revision = "4966fc68f5b7593aafa6cbbba2d65ec6e1416047"
  version = "v1.1.0"

[[projects]]
  digest = "1:abeb38ade3f32a92943e5be54f55ed6d6e3b6602761d74b4aab4c9dd45c18abd"
  name = "github.com/fsnotify/fsnotify"
  packages = ["."]
  pruneopts = "UT"
  revision = "c2828203cd70a50dcccfb2761f8b1f8ceef9a8e9"
  version = "v1.4.7"

[[projects]]
  branch = "master"
  digest = "1:0e2e4fd06fbb9543a25a6527cd814d47f4bd1c4ee644d626a3f64fb84c214a18"
  name = "github.com/gavv/httpexpect"
  packages = ["."]
  pruneopts = "UT"
  revision = "d7ef0eaac427e0b4682ea37b2e7ad5ad60f20b7a"

[[projects]]
  digest = "1:421b0299919c6871dff66b9ce8393b78290912f7e62201532151d71d0ecb1a80"
  name = "github.com/go-delve/delve"
  packages = [
    "cmd/dlv/cmds",
    "pkg/config",
    "pkg/dwarf/dwarfbuilder",
    "pkg/dwarf/frame",
    "pkg/dwarf/godwarf",
    "pkg/dwarf/line",
    "pkg/dwarf/op",
    "pkg/dwarf/reader",
    "pkg/dwarf/util",
    "pkg/goversion",
    "pkg/logflags",
    "pkg/proc",
    "pkg/proc/core",
    "pkg/proc/core/minidump",
    "pkg/proc/fbsdutil",
    "pkg/proc/gdbserial",
    "pkg/proc/linutil",
    "pkg/proc/native",
    "pkg/proc/test",
    "pkg/proc/winutil",
    "pkg/terminal",
    "pkg/terminal/starbind",
    "pkg/version",
    "service",
    "service/api",
    "service/debugger",
    "service/rpc1",
    "service/rpc2",
    "service/rpccommon",
  ]
  pruneopts = "UT"
  revision = "dd3c2d63cc5b2aa84d7970eca0c91b45c71e9dd9"
  version = "v1.3.1"

[[projects]]
  digest = "1:ec6f9bf5e274c833c911923c9193867f3f18788c461f76f05f62bb1510e0ae65"
  name = "github.com/go-sql-driver/mysql"
  packages = ["."]
  pruneopts = "UT"
  revision = "72cd26f257d44c1114970e19afddcd812016007e"
  version = "v1.4.1"

[[projects]]
  branch = "master"
  digest = "1:914bae0d7af57d7f9c2c8eff864071e57c3effebd78eeef26eff4afb0372ed2f"
  name = "github.com/golang-sql/civil"
  packages = ["."]
  pruneopts = "UT"
  revision = "cb61b32ac6fe84d34b81730175f91965e43d0f90"

[[projects]]
  digest = "1:a63cff6b5d8b95638bfe300385d93b2a6d9d687734b863da8e09dc834510a690"
  name = "github.com/google/go-querystring"
  packages = ["query"]
  pruneopts = "UT"
  revision = "44c6ddd0a2342c386950e880b658017258da92fc"
  version = "v1.0.0"

[[projects]]
  digest = "1:e62657cca9badaa308d86e7716083e4c5933bb78e30a17743fc67f50be26f6f4"
  name = "github.com/gorilla/websocket"
  packages = ["."]
  pruneopts = "UT"
  revision = "c3e18be99d19e6b3e8f1559eea2c161a665c4b6b"
  version = "v1.4.1"

[[projects]]
  digest = "1:c0d19ab64b32ce9fe5cf4ddceba78d5bc9807f0016db6b1183599da3dcc24d10"
  name = "github.com/hashicorp/hcl"
  packages = [
    ".",
    "hcl/ast",
    "hcl/parser",
    "hcl/printer",
    "hcl/scanner",
    "hcl/strconv",
    "hcl/token",
    "json/parser",
    "json/scanner",
    "json/token",
  ]
  pruneopts = "UT"
  revision = "8cb6e5b959231cc1119e43259c4a608f9c51a241"
  version = "v1.0.0"

[[projects]]
  digest = "1:a3ce4de79566c21e93cb6934797fdaa587ad3fc6a964708ab77babe54ea67188"
  name = "github.com/imkira/go-interpol"
  packages = ["."]
  pruneopts = "UT"
  revision = "5accad8134979a6ac504d456a6c7f1c53da237ca"
  version = "v1.1.0"

[[projects]]
  digest = "1:870d441fe217b8e689d7949fef6e43efbc787e50f200cb1e70dbca9204a1d6be"
  name = "github.com/inconshreveable/mousetrap"
  packages = ["."]
  pruneopts = "UT"
  revision = "76626ae9c91c4f2a10f34cad8ce83ea42c93bb75"
  version = "v1.0"

[[projects]]
  digest = "1:f0343626ed97ca7b4fc78fef44a8d9daa5f34ed1f705fef41115eeaddc13af59"
  name = "github.com/jinzhu/gorm"
  packages = [
    ".",
    "dialects/mssql",
    "dialects/mysql",
    "dialects/postgres",
    "dialects/sqlite",
  ]
  pruneopts = "UT"
  revision = "836fb2c19d84dac7b0272958dfb9af7cf0d0ade4"
  version = "v1.9.10"

[[projects]]
  digest = "1:01ed62f8f4f574d8aff1d88caee113700a2b44c42351943fa73cc1808f736a50"
  name = "github.com/jinzhu/inflection"
  packages = ["."]
  pruneopts = "UT"
  revision = "f5c5f50e6090ae76a29240b61ae2a90dd810112e"
  version = "v1.0.0"

[[projects]]
  digest = "1:e668ebc4cec3a084c222b4255a1565ee652614f029a7b2f4b1bc9557565ed473"
  name = "github.com/jinzhu/now"
  packages = ["."]
  pruneopts = "UT"
  revision = "1a6fdd4591d336a897120c50c69ed3c0e8033468"
  version = "v1.0.1"

[[projects]]
  digest = "1:77857b3205f936bdc6928ef347b682ab549cf99454d6c0ca04a49f8df9e418f3"
  name = "github.com/karrick/godirwalk"
  packages = ["."]
  pruneopts = "UT"
  revision = "73c17a9b9528eb3ce857b782a2816c0cda581e62"
  version = "v1.10.12"

[[projects]]
  digest = "1:67dffdb501e68286e33dbbd8163b31583afb05c8d44ffb1afcf4a9a37a48e713"
  name = "github.com/keegancsmith/rpc"
  packages = [
    ".",
    "internal/svc",
  ]
  pruneopts = "UT"
  revision = "d0beebb75ae7d7f865736fa3bd12293d6eae778d"
  version = "v1.1.0"

[[projects]]
  digest = "1:caa1da085cc12cd39d3ddb267434902f621050e1b46f7e9477b2b933df680193"
  name = "github.com/klauspost/compress"
  packages = [
    "flate",
    "gzip",
    "zlib",
  ]
  pruneopts = "UT"
  revision = "9342d2c87674fc9ed5324d5d77d5f11f328bc11b"
  version = "v1.8.3"

[[projects]]
  digest = "1:923c4d7194b42e054b2eb8a6c62824ac55e23ececc1c7e48d4da69c971c55954"
  name = "github.com/klauspost/cpuid"
  packages = ["."]
  pruneopts = "UT"
  revision = "05a8198c0f5a27739aec358908d7e12c64ce6eb7"
  version = "v1.2.1"

[[projects]]
  digest = "1:31e761d97c76151dde79e9d28964a812c46efc5baee4085b86f68f0c654450de"
  name = "github.com/konsorten/go-windows-terminal-sequences"
  packages = ["."]
  pruneopts = "UT"
  revision = "f55edac94c9bbba5d6182a4be46d86a2c9b5b50e"
  version = "v1.0.2"

[[projects]]
  digest = "1:efd601ad1d1189884f37ed075fadb5bbd17f1f5acf5862827247c6da56d125ba"
  name = "github.com/labstack/echo"
  packages = [
    ".",
    "middleware",
  ]
  pruneopts = "UT"
  revision = "38772c686c76b501f94bd6cd5b77f5842e93b559"
  version = "v3.3.10"

[[projects]]
  digest = "1:e8e65826d60fd82637fb9df06ecd651191b599f4a8f72b86362012f288778320"
  name = "github.com/labstack/gommon"
  packages = [
    "bytes",
    "color",
    "log",
    "random",
  ]
  pruneopts = "UT"
  revision = "4919956f6fb227b548f004da27c7c6b20fba499f"
  version = "v0.3.0"

[[projects]]
  digest = "1:8f5579a88f14ca4029f38f7491f12f578e38d942d9343e63aaa68f14c31df053"
  name = "github.com/lestrrat-go/file-rotatelogs"
  packages = [
    ".",
    "internal/option",
  ]
  pruneopts = "UT"
  revision = "3b4f34a036f374c18d604e1b8006d9fbb9593c06"
  version = "v2.2.0"

[[projects]]
  branch = "master"
  digest = "1:e8422604e15c6bfa75cecc717bb2f5cd14298bb3e04db12e7914dd01395bda17"
  name = "github.com/lestrrat-go/strftime"
  packages = ["."]
  pruneopts = "UT"
  revision = "5c849dd2c51dd10faf5f1b86abec2db1ac3b9101"

[[projects]]
  branch = "master"
  digest = "1:1495d0237ae0103f4518b33fc36799a9cbe11b236954351720b5373b9e71b3c1"
  name = "github.com/lib/pq"
  packages = [
    ".",
    "hstore",
    "oid",
    "scram",
  ]
  pruneopts = "UT"
  revision = "78223426e7c66d631117c0a9da1b7f3fde4d23a5"

[[projects]]
  digest = "1:5a0ef768465592efca0412f7e838cdc0826712f8447e70e6ccc52eb441e9ab13"
  name = "github.com/magiconair/properties"
  packages = ["."]
  pruneopts = "UT"
  revision = "de8848e004dd33dc07a2947b3d76f618a7fc7ef1"
  version = "v1.8.1"

[[projects]]
  digest = "1:7c084e0e780596dd2a7e20d25803909a9a43689c153de953520dfbc0b0e51166"
  name = "github.com/mattn/go-colorable"
  packages = ["."]
  pruneopts = "UT"
  revision = "8029fb3788e5a4a9c00e415f586a6d033f5d38b3"
  version = "v0.1.2"

[[projects]]
  digest = "1:36325ebb862e0382f2f14feef409ba9351271b89ada286ae56836c603d43b59c"
  name = "github.com/mattn/go-isatty"
  packages = ["."]
  pruneopts = "UT"
  revision = "e1f7b56ace729e4a73a29a6b4fac6cd5fcda7ab3"
  version = "v0.0.9"

[[projects]]
  digest = "1:0356f3312c9bd1cbeda81505b7fd437501d8e778ab66998ef69f00d7f9b3a0d7"
  name = "github.com/mattn/go-runewidth"
  packages = ["."]
  pruneopts = "UT"
  revision = "3ee7d812e62a0804a7d0a324e0249ca2db3476d3"
  version = "v0.0.4"

[[projects]]
  digest = "1:79e87abf06b873987dee86598950f5b51732ac454d5a5cab6445a14330e6c9e3"
  name = "github.com/mattn/go-sqlite3"
  packages = ["."]
  pruneopts = "UT"
  revision = "b612a2feea6aa87c6d052d9086572551df06497e"
  version = "v1.11.0"

[[projects]]
  branch = "master"
  digest = "1:31653465cc8a948aad53ca7ba1679bfb008b53282429f5610bb62a1f4dd558ad"
  name = "github.com/mdempsky/gocode"
  packages = [
    "internal/cache",
    "internal/gbimporter",
    "internal/lookdot",
    "internal/suggest",
  ]
  pruneopts = "UT"
  revision = "7fb65232883f19a8305706b4b4ff32916ffbcaf5"

[[projects]]
  digest = "1:53bc4cd4914cd7cd52139990d5170d6dc99067ae31c56530621b18b35fc30318"
  name = "github.com/mitchellh/mapstructure"
  packages = ["."]
  pruneopts = "UT"
  revision = "3536a929edddb9a5b34bd6861dc4a9647cb459fe"
  version = "v1.1.2"

[[projects]]
  digest = "1:7aefb397a53fc437c90f0fdb3e1419c751c5a3a165ced52325d5d797edf1aca6"
  name = "github.com/moul/http2curl"
  packages = ["."]
  pruneopts = "UT"
  revision = "9ac6cf4d929b2fa8fd2d2e6dec5bb0feb4f4911d"
  version = "v1.0.0"

[[projects]]
  digest = "1:93131d8002d7025da13582877c32d1fc302486775a1b06f62241741006428c5e"
  name = "github.com/pelletier/go-toml"
  packages = ["."]
  pruneopts = "UT"
  revision = "728039f679cbcd4f6a54e080d2219a4c4928c546"
  version = "v1.4.0"

[[projects]]
  digest = "1:3adb9a64324d242301833d0b8b3bb51b4f31f928d5a05224256121dc5b8895c7"
  name = "github.com/peterh/liner"
  packages = ["."]
  pruneopts = "UT"
  revision = "5a0dfa99e2aa1d433a9642e863da51402e609376"
  version = "v1.1.0"

[[projects]]
  digest = "1:cf31692c14422fa27c83a05292eb5cbe0fb2775972e8f1f8446a71549bd8980b"
  name = "github.com/pkg/errors"
  packages = ["."]
  pruneopts = "UT"
  revision = "ba968bfe8b2f7e042a574c888954fccecfa385b4"
  version = "v0.8.1"

[[projects]]
  digest = "1:447ab23604df9681aabfc6e48dbded59cb933b6eb4224e64d9d037318534b1bd"
  name = "github.com/pkg/profile"
  packages = ["."]
  pruneopts = "UT"
  revision = "f6fe06335df110bcf1ed6d4e852b760bfc15beee"
  version = "v1.3.0"

[[projects]]
  digest = "1:0028cb19b2e4c3112225cd871870f2d9cf49b9b4276531f03438a88e94be86fe"
  name = "github.com/pmezard/go-difflib"
  packages = ["difflib"]
  pruneopts = "UT"
  revision = "792786c7400a136282c1664665ae0a8db921c6c2"
  version = "v1.0.0"

[[projects]]
  digest = "1:7d99649602f68b73ade640ca6975ccc38735f329e159c6a507b63f00213678c0"
  name = "github.com/pressly/goose"
  packages = ["."]
  pruneopts = "UT"
  revision = "e4b98955473e91a12fc7d8816c28d06376d1d92c"
  version = "v2.6.0"

[[projects]]
  digest = "1:6c05dda9603660964c276a2eb239610ae514e256e04b1e269e6f15a01d222822"
  name = "github.com/rogpeppe/godef"
  packages = [
    "go/ast",
    "go/parser",
    "go/printer",
    "go/scanner",
    "go/token",
    "go/types",
  ]
  pruneopts = "UT"
  revision = "5784335da72394c8f53d9036c26fcc876718879b"
  version = "v1.1.1"

[[projects]]
  digest = "1:2ee0f15eb0fb04f918db7c2dcf39745f40d69f798ef171610a730e8a56aaa4fd"
  name = "github.com/russross/blackfriday"
  packages = ["."]
  pruneopts = "UT"
  revision = "d3b5b032dc8e8927d31a5071b56e14c89f045135"
  version = "v2.0.1"

[[projects]]
  digest = "1:d917313f309bda80d27274d53985bc65651f81a5b66b820749ac7f8ef061fd04"
  name = "github.com/sergi/go-diff"
  packages = ["diffmatchpatch"]
  pruneopts = "UT"
  revision = "1744e2970ca51c86172c8190fadad617561ed6e7"
  version = "v1.0.0"

[[projects]]
  digest = "1:9421f6e9e28ef86933e824b5caff441366f2b69bb281085b9dca40e1f27a1602"
  name = "github.com/shurcooL/sanitized_anchor_name"
  packages = ["."]
  pruneopts = "UT"
  revision = "7bfe4c7ecddb3666a94b053b422cdd8f5aaa3615"
  version = "v1.0.0"

[[projects]]
  digest = "1:04457f9f6f3ffc5fea48e71d62f2ca256637dee0a04d710288e27e05c8b41976"
  name = "github.com/sirupsen/logrus"
  packages = ["."]
  pruneopts = "UT"
  revision = "839c75faf7f98a33d445d181f3018b5c3409a45e"
  version = "v1.4.2"

[[projects]]
  digest = "1:bb495ec276ab82d3dd08504bbc0594a65de8c3b22c6f2aaa92d05b73fbf3a82e"
  name = "github.com/spf13/afero"
  packages = [
    ".",
    "mem",
  ]
  pruneopts = "UT"
  revision = "588a75ec4f32903aa5e39a2619ba6a4631e28424"
  version = "v1.2.2"

[[projects]]
  digest = "1:08d65904057412fc0270fc4812a1c90c594186819243160dc779a402d4b6d0bc"
  name = "github.com/spf13/cast"
  packages = ["."]
  pruneopts = "UT"
  revision = "8c9545af88b134710ab1cd196795e7f2388358d7"
  version = "v1.3.0"

[[projects]]
  digest = "1:abe9f3f23399646a6263682cacc9e86969f6c7e768f0ef036449926aa24cbbef"
  name = "github.com/spf13/cobra"
  packages = [
    ".",
    "doc",
  ]
  pruneopts = "UT"
  revision = "f2b07da1e2c38d5f12845a4f607e2e1018cbb1f5"
  version = "v0.0.5"

[[projects]]
  digest = "1:1b753ec16506f5864d26a28b43703c58831255059644351bbcb019b843950900"
  name = "github.com/spf13/jwalterweatherman"
  packages = ["."]
  pruneopts = "UT"
  revision = "94f6ae3ed3bceceafa716478c5fbf8d29ca601a1"
  version = "v1.1.0"

[[projects]]
  digest = "1:c1b1102241e7f645bc8e0c22ae352e8f0dc6484b6cb4d132fa9f24174e0119e2"
  name = "github.com/spf13/pflag"
  packages = ["."]
  pruneopts = "UT"
  revision = "298182f68c66c05229eb03ac171abe6e309ee79a"
  version = "v1.0.3"

[[projects]]
  digest = "1:11118bd196646c6515fea3d6c43f66162833c6ae4939bfb229b9956d91c6cf17"
  name = "github.com/spf13/viper"
  packages = ["."]
  pruneopts = "UT"
  revision = "b5bf975e5823809fb22c7644d008757f78a4259e"
  version = "v1.4.0"

[[projects]]
  branch = "master"
  digest = "1:5f23b2a77a9b5a87f094e3f267085ed0d68e9b4ebcdd6cfb359bbb37cfd92076"
  name = "github.com/sqs/goreturns"
  packages = ["returns"]
  pruneopts = "UT"
  revision = "538ac601451833c7c4449f8431d65d53c1c60e41"

[[projects]]
  branch = "master"
  digest = "1:16ded9f098f96ddc7d576067434fb401f41f2eb5fa17bb62143c8dd4ada177ac"
  name = "github.com/stamblerre/gocode"
  packages = [
    "internal/lookdot",
    "internal/suggest",
  ]
  pruneopts = "UT"
  revision = "81059208699789f992bb4a4a3fedd734e335468d"

[[projects]]
  digest = "1:23472f69a3ee7225de2f104aa48c6456959d1c155e45035c9845806d83109190"
  name = "github.com/stretchr/objx"
  packages = ["."]
  pruneopts = "UT"
  revision = "ea4fe68685ee0d3cee7032121851b57e7494e8ea"
  version = "v0.2.0"

[[projects]]
  digest = "1:ec47aa5938ef8fde580544d34c6325ef5d380cc339e8ee24ed2bc62c79f6560d"
  name = "github.com/stretchr/testify"
  packages = [
    "assert",
    "http",
    "mock",
    "require",
  ]
  pruneopts = "UT"
  revision = "b91bfb9ebec76498946beb6af7c0230c7cc7ba6c"
  version = "v1.2.0"

[[projects]]
  digest = "1:0347fb0e6285667b1db3433577cc6454e719c4119d0e9b993b8df3a1c181f67f"
  name = "github.com/thedevsaddam/govalidator"
  packages = ["."]
  pruneopts = "UT"
  revision = "01bf6ba67ac42ba976ff56c550a95ad8010cfa3e"
  version = "v1.9.8"

[[projects]]
  digest = "1:c56e4215963df04068fbfc828879c7914b33359670dc85d94e5e1dea586b30ff"
  name = "github.com/uudashr/gopkgs"
  packages = ["."]
  pruneopts = "UT"
  revision = "84fe2e5def163139cd0279c212981bc1564d4e59"
  version = "v2.0.1"

[[projects]]
  digest = "1:c468422f334a6b46a19448ad59aaffdfc0a36b08fdcc1c749a0b29b6453d7e59"
  name = "github.com/valyala/bytebufferpool"
  packages = ["."]
  pruneopts = "UT"
  revision = "e746df99fe4a3986f4d4f79e13c1e0117ce9c2f7"
  version = "v1.0.0"

[[projects]]
  digest = "1:15ad8a80098fcc7a194b9db6b26d74072a852e4faa957848c8118193d3c69230"
  name = "github.com/valyala/fasthttp"
  packages = [
    ".",
    "fasthttputil",
    "stackless",
  ]
  pruneopts = "UT"
  revision = "e5f51c11919d4f66400334047b897ef0a94c6f3c"
  version = "v20180529"

[[projects]]
  digest = "1:4d29fdc69817829d8c78473d61613d984ce59675110cee7a2f0314f332cc70a2"
  name = "github.com/valyala/fasttemplate"
  packages = ["."]
  pruneopts = "UT"
  revision = "8b5e4e491ab636663841c42ea3c5a9adebabaf36"
  version = "v1.0.1"

[[projects]]
  branch = "master"
  digest = "1:87fe9bca786484cef53d52adeec7d1c52bc2bfbee75734eddeb75fc5c7023871"
  name = "github.com/xeipuuv/gojsonpointer"
  packages = ["."]
  pruneopts = "UT"
  revision = "02993c407bfbf5f6dae44c4f4b1cf6a39b5fc5bb"

[[projects]]
  branch = "master"
  digest = "1:dc6a6c28ca45d38cfce9f7cb61681ee38c5b99ec1425339bfc1e1a7ba769c807"
  name = "github.com/xeipuuv/gojsonreference"
  packages = ["."]
  pruneopts = "UT"
  revision = "bd5ef7bd5415a7ac448318e64f11a24cd21e594b"

[[projects]]
  digest = "1:1c898ea6c30c16e8d55fdb6fe44c4bee5f9b7d68aa260cfdfc3024491dcc7bea"
  name = "github.com/xeipuuv/gojsonschema"
  packages = ["."]
  pruneopts = "UT"
  revision = "f971f3cd73b2899de6923801c147f075263e0c50"
  version = "v1.1.0"

[[projects]]
  branch = "master"
  digest = "1:ac3d942a027d57fbfc5c13791cfaaa4b30729674fea88f2e03190b777c2b674e"
  name = "github.com/yalp/jsonpath"
  packages = ["."]
  pruneopts = "UT"
  revision = "5cc68e5049a040829faef3a44c00ec4332f6dec7"

[[projects]]
  digest = "1:52ccbcf36804b0beb5677a8994bd4ac740b71d1d6fe38c02b113dabdda51bf6d"
  name = "github.com/yudai/gojsondiff"
  packages = [
    ".",
    "formatter",
  ]
  pruneopts = "UT"
  revision = "7b1b7adf999dab73a6eb02669c3d82dbb27a3dd6"
  version = "1.0.0"

[[projects]]
  branch = "master"
  digest = "1:0d4822d3440c9b5992704bb357061fff7ab60daa85d92dec02b81b78e4908db7"
  name = "github.com/yudai/golcs"
  packages = ["."]
  pruneopts = "UT"
  revision = "ecda9a501e8220fae3b4b600c3db4b0ba22cfc68"

[[projects]]
  branch = "master"
  digest = "1:fb59844b1ee544f5b2b6a32dec6105092836f916ce0d958a7f4683e1ed54dd88"
  name = "go.starlark.net"
  packages = [
    "internal/compile",
    "internal/spell",
    "resolve",
    "starlark",
    "syntax",
  ]
  pruneopts = "UT"
  revision = "988906f77f657477aa7ebf4d8fb5f12d6c50b767"

[[projects]]
  branch = "master"
  digest = "1:cc1e7132e5199ba30a299e5ac3a1f537c520236a08b1ac8c24f1a4aedc2fb0e5"
  name = "golang.org/x/arch"
  packages = ["x86/x86asm"]
  pruneopts = "UT"
  revision = "46d78d1859ac211aa1974fd87c29e0dce2b867f7"

[[projects]]
  branch = "master"
  digest = "1:489ba107346b0b88e7f86efcd4fbaee1bbc3335a7521f93605d5f9c9708bbbb0"
  name = "golang.org/x/crypto"
  packages = [
    "acme",
    "acme/autocert",
    "md4",
  ]
  pruneopts = "UT"
  revision = "227b76d455e791cb042b03e633e2f7fbcfdf74a5"

[[projects]]
  branch = "master"
  digest = "1:9908fffeaec3701f96cfcd4928b1de7013995a6ba144a4a7da39380f440896ff"
  name = "golang.org/x/net"
  packages = [
    "idna",
    "publicsuffix",
    "websocket",
  ]
  pruneopts = "UT"
  revision = "24e19bdeb0f2d062d8e2640d50a7aaf2a7f80e7a"

[[projects]]
  branch = "master"
  digest = "1:b521f10a2d8fa85c04a8ef4e62f2d1e14d303599a55d64dabf9f5a02f84d35eb"
  name = "golang.org/x/sync"
  packages = ["errgroup"]
  pruneopts = "UT"
  revision = "cd5d95a43a6e21273425c7ae415d3df9ea832eeb"

[[projects]]
  branch = "master"
  digest = "1:b81809747cfe3b745ecbb83859f2ac3566170d5a67aa96c458aa0afeefd93200"
  name = "golang.org/x/sys"
  packages = [
    "unix",
    "windows",
  ]
  pruneopts = "UT"
  revision = "c3b328c6e5a763a2bfc82a48b4bd855037210934"

[[projects]]
  digest = "1:8d8faad6b12a3a4c819a3f9618cb6ee1fa1cfc33253abeeea8b55336721e3405"
  name = "golang.org/x/text"
  packages = [
    "collate",
    "collate/build",
    "internal/colltab",
    "internal/gen",
    "internal/language",
    "internal/language/compact",
    "internal/tag",
    "internal/triegen",
    "internal/ucd",
    "language",
    "secure/bidirule",
    "transform",
    "unicode/bidi",
    "unicode/cldr",
    "unicode/norm",
    "unicode/rangetable",
  ]
  pruneopts = "UT"
  revision = "342b2e1fbaa52c93f31447ad2c6abc048c63e475"
  version = "v0.3.2"

[[projects]]
  digest = "1:3361726cd92e93c42949d96906bd90b416199b164fc094c685af2449755f4b60"
  name = "golang.org/x/tools"
  packages = [
    "cmd/guru/serial",
    "go/analysis",
    "go/analysis/analysistest",
    "go/analysis/internal/analysisflags",
    "go/analysis/internal/checker",
    "go/analysis/internal/facts",
    "go/analysis/multichecker",
    "go/analysis/passes/asmdecl",
    "go/analysis/passes/assign",
    "go/analysis/passes/atomic",
    "go/analysis/passes/atomicalign",
    "go/analysis/passes/bools",
    "go/analysis/passes/buildssa",
    "go/analysis/passes/buildtag",
    "go/analysis/passes/cgocall",
    "go/analysis/passes/composite",
    "go/analysis/passes/copylock",
    "go/analysis/passes/ctrlflow",
    "go/analysis/passes/deepequalerrors",
    "go/analysis/passes/errorsas",
    "go/analysis/passes/findcall",
    "go/analysis/passes/httpresponse",
    "go/analysis/passes/inspect",
    "go/analysis/passes/internal/analysisutil",
    "go/analysis/passes/loopclosure",
    "go/analysis/passes/lostcancel",
    "go/analysis/passes/nilfunc",
    "go/analysis/passes/nilness",
    "go/analysis/passes/pkgfact",
    "go/analysis/passes/printf",
    "go/analysis/passes/shadow",
    "go/analysis/passes/shift",
    "go/analysis/passes/stdmethods",
    "go/analysis/passes/structtag",
    "go/analysis/passes/tests",
    "go/analysis/passes/unmarshal",
    "go/analysis/passes/unreachable",
    "go/analysis/passes/unsafeptr",
    "go/analysis/passes/unusedresult",
    "go/analysis/singlechecker",
    "go/analysis/unitchecker",
    "go/ast/astutil",
    "go/ast/inspector",
    "go/buildutil",
    "go/cfg",
    "go/expect",
    "go/gccgoexportdata",
    "go/gcexportdata",
    "go/internal/cgo",
    "go/internal/gccgoimporter",
    "go/internal/gcimporter",
    "go/internal/packagesdriver",
    "go/loader",
    "go/packages",
    "go/packages/packagestest",
    "go/ssa",
    "go/types/objectpath",
    "go/types/typeutil",
    "godoc/golangorgenv",
    "godoc/static",
    "imports",
    "internal/fastwalk",
    "internal/gopathwalk",
    "internal/imports",
    "internal/jsonrpc2",
    "internal/lsp",
    "internal/lsp/browser",
    "internal/lsp/cache",
    "internal/lsp/cmd",
    "internal/lsp/debug",
    "internal/lsp/diff",
    "internal/lsp/protocol",
    "internal/lsp/snippet",
    "internal/lsp/source",
    "internal/lsp/tests",
    "internal/lsp/xlog",
    "internal/memoize",
    "internal/module",
    "internal/semver",
    "internal/span",
    "internal/tool",
    "internal/txtar",
    "playground",
    "playground/socket",
    "present",
    "refactor/importgraph",
    "refactor/rename",
    "refactor/satisfy",
  ]
  pruneopts = "UT"
  revision = "d4e310b4a8a5f0fe33e0a7e813a14ff19b433da4"
  version = "gopls/v0.1.0"

[[projects]]
  digest = "1:c25289f43ac4a68d88b02245742347c94f1e108c534dda442188015ff80669b3"
  name = "google.golang.org/appengine"
  packages = ["cloudsql"]
  pruneopts = "UT"
  revision = "5f2a59506353b8d5ba8cbbcd9f3c1f41f1eaf079"
  version = "v1.6.2"

[[projects]]
  digest = "1:4d2e5a73dc1500038e504a8d78b986630e3626dc027bc030ba5c75da257cdb96"
  name = "gopkg.in/yaml.v2"
  packages = ["."]
  pruneopts = "UT"
  revision = "51d6538a90f86fe93ac480b35f37b2be17fef232"
  version = "v2.2.2"

[solve-meta]
  analyzer-name = "dep"
  analyzer-version = 1
  input-imports = [
    "9fans.net/go/acme",
    "github.com/cosiner/argv",
    "github.com/davecgh/go-spew/spew",
    "github.com/davecgh/go-spew/spew/testdata",
    "github.com/denisenkom/go-mssqldb",
    "github.com/dgrijalva/jwt-go",
    "github.com/erikstmartin/go-testdb",
    "github.com/fsnotify/fsnotify",
    "github.com/gavv/httpexpect",
    "github.com/go-delve/delve/cmd/dlv/cmds",
    "github.com/go-delve/delve/pkg/config",
    "github.com/go-delve/delve/pkg/dwarf/dwarfbuilder",
    "github.com/go-delve/delve/pkg/dwarf/frame",
    "github.com/go-delve/delve/pkg/dwarf/godwarf",
    "github.com/go-delve/delve/pkg/dwarf/line",
    "github.com/go-delve/delve/pkg/dwarf/op",
    "github.com/go-delve/delve/pkg/dwarf/reader",
    "github.com/go-delve/delve/pkg/dwarf/util",
    "github.com/go-delve/delve/pkg/goversion",
    "github.com/go-delve/delve/pkg/logflags",
    "github.com/go-delve/delve/pkg/proc",
    "github.com/go-delve/delve/pkg/proc/core",
    "github.com/go-delve/delve/pkg/proc/core/minidump",
    "github.com/go-delve/delve/pkg/proc/gdbserial",
    "github.com/go-delve/delve/pkg/proc/linutil",
    "github.com/go-delve/delve/pkg/proc/native",
    "github.com/go-delve/delve/pkg/proc/test",
    "github.com/go-delve/delve/pkg/proc/winutil",
    "github.com/go-delve/delve/pkg/terminal",
    "github.com/go-delve/delve/pkg/version",
    "github.com/go-delve/delve/service",
    "github.com/go-delve/delve/service/api",
    "github.com/go-delve/delve/service/debugger",
    "github.com/go-delve/delve/service/rpc1",
    "github.com/go-delve/delve/service/rpc2",
    "github.com/go-delve/delve/service/rpccommon",
    "github.com/go-sql-driver/mysql",
    "github.com/jinzhu/gorm",
    "github.com/jinzhu/gorm/dialects/mssql",
    "github.com/jinzhu/gorm/dialects/mysql",
    "github.com/jinzhu/gorm/dialects/postgres",
    "github.com/jinzhu/gorm/dialects/sqlite",
    "github.com/jinzhu/inflection",
    "github.com/jinzhu/now",
    "github.com/karrick/godirwalk",
    "github.com/keegancsmith/rpc",
    "github.com/labstack/echo",
    "github.com/labstack/echo/middleware",
    "github.com/lestrrat-go/file-rotatelogs",
    "github.com/lib/pq",
    "github.com/lib/pq/hstore",
    "github.com/lib/pq/oid",
    "github.com/mattn/go-colorable",
    "github.com/mattn/go-isatty",
    "github.com/mattn/go-sqlite3",
    "github.com/mdempsky/gocode/internal/cache",
    "github.com/mdempsky/gocode/internal/gbimporter",
    "github.com/mdempsky/gocode/internal/lookdot",
    "github.com/mdempsky/gocode/internal/suggest",
    "github.com/peterh/liner",
    "github.com/pkg/errors",
    "github.com/pkg/profile",
    "github.com/pmezard/go-difflib/difflib",
    "github.com/pressly/goose",
    "github.com/rogpeppe/godef/go/ast",
    "github.com/rogpeppe/godef/go/parser",
    "github.com/rogpeppe/godef/go/printer",
    "github.com/rogpeppe/godef/go/scanner",
    "github.com/rogpeppe/godef/go/token",
    "github.com/rogpeppe/godef/go/types",
    "github.com/sirupsen/logrus",
    "github.com/spf13/cobra",
    "github.com/spf13/cobra/doc",
    "github.com/spf13/viper",
    "github.com/sqs/goreturns/returns",
    "github.com/stamblerre/gocode/internal/lookdot",
    "github.com/stamblerre/gocode/internal/suggest",
    "github.com/stretchr/objx",
    "github.com/stretchr/testify/assert",
    "github.com/stretchr/testify/http",
    "github.com/stretchr/testify/mock",
    "github.com/stretchr/testify/require",
    "github.com/thedevsaddam/govalidator",
    "github.com/uudashr/gopkgs",
    "golang.org/x/arch/x86/x86asm",
    "golang.org/x/sync/errgroup",
    "golang.org/x/sys/unix",
    "golang.org/x/sys/windows",
    "golang.org/x/tools/cmd/guru/serial",
    "golang.org/x/tools/go/analysis",
    "golang.org/x/tools/go/analysis/analysistest",
    "golang.org/x/tools/go/analysis/internal/analysisflags",
    "golang.org/x/tools/go/analysis/internal/checker",
    "golang.org/x/tools/go/analysis/internal/facts",
    "golang.org/x/tools/go/analysis/multichecker",
    "golang.org/x/tools/go/analysis/passes/asmdecl",
    "golang.org/x/tools/go/analysis/passes/assign",
    "golang.org/x/tools/go/analysis/passes/atomic",
    "golang.org/x/tools/go/analysis/passes/atomicalign",
    "golang.org/x/tools/go/analysis/passes/bools",
    "golang.org/x/tools/go/analysis/passes/buildssa",
    "golang.org/x/tools/go/analysis/passes/buildtag",
    "golang.org/x/tools/go/analysis/passes/cgocall",
    "golang.org/x/tools/go/analysis/passes/composite",
    "golang.org/x/tools/go/analysis/passes/copylock",
    "golang.org/x/tools/go/analysis/passes/ctrlflow",
    "golang.org/x/tools/go/analysis/passes/deepequalerrors",
    "golang.org/x/tools/go/analysis/passes/errorsas",
    "golang.org/x/tools/go/analysis/passes/findcall",
    "golang.org/x/tools/go/analysis/passes/httpresponse",
    "golang.org/x/tools/go/analysis/passes/inspect",
    "golang.org/x/tools/go/analysis/passes/internal/analysisutil",
    "golang.org/x/tools/go/analysis/passes/loopclosure",
    "golang.org/x/tools/go/analysis/passes/lostcancel",
    "golang.org/x/tools/go/analysis/passes/nilfunc",
    "golang.org/x/tools/go/analysis/passes/nilness",
    "golang.org/x/tools/go/analysis/passes/pkgfact",
    "golang.org/x/tools/go/analysis/passes/printf",
    "golang.org/x/tools/go/analysis/passes/shadow",
    "golang.org/x/tools/go/analysis/passes/shift",
    "golang.org/x/tools/go/analysis/passes/stdmethods",
    "golang.org/x/tools/go/analysis/passes/structtag",
    "golang.org/x/tools/go/analysis/passes/tests",
    "golang.org/x/tools/go/analysis/passes/unmarshal",
    "golang.org/x/tools/go/analysis/passes/unreachable",
    "golang.org/x/tools/go/analysis/passes/unsafeptr",
    "golang.org/x/tools/go/analysis/passes/unusedresult",
    "golang.org/x/tools/go/analysis/singlechecker",
    "golang.org/x/tools/go/analysis/unitchecker",
    "golang.org/x/tools/go/ast/astutil",
    "golang.org/x/tools/go/ast/inspector",
    "golang.org/x/tools/go/buildutil",
    "golang.org/x/tools/go/cfg",
    "golang.org/x/tools/go/expect",
    "golang.org/x/tools/go/gccgoexportdata",
    "golang.org/x/tools/go/gcexportdata",
    "golang.org/x/tools/go/internal/cgo",
    "golang.org/x/tools/go/internal/gccgoimporter",
    "golang.org/x/tools/go/loader",
    "golang.org/x/tools/go/packages",
    "golang.org/x/tools/go/packages/packagestest",
    "golang.org/x/tools/go/ssa",
    "golang.org/x/tools/go/types/objectpath",
    "golang.org/x/tools/go/types/typeutil",
    "golang.org/x/tools/godoc/static",
    "golang.org/x/tools/imports",
    "golang.org/x/tools/internal/fastwalk",
    "golang.org/x/tools/internal/jsonrpc2",
    "golang.org/x/tools/internal/lsp",
    "golang.org/x/tools/internal/lsp/cache",
    "golang.org/x/tools/internal/lsp/cmd",
    "golang.org/x/tools/internal/lsp/diff",
    "golang.org/x/tools/internal/lsp/protocol",
    "golang.org/x/tools/internal/lsp/snippet",
    "golang.org/x/tools/internal/lsp/source",
    "golang.org/x/tools/internal/lsp/tests",
    "golang.org/x/tools/internal/lsp/xlog",
    "golang.org/x/tools/internal/semver",
    "golang.org/x/tools/internal/span",
    "golang.org/x/tools/internal/tool",
    "golang.org/x/tools/playground",
    "golang.org/x/tools/playground/socket",
    "golang.org/x/tools/present",
    "golang.org/x/tools/refactor/rename",
    "gopkg.in/yaml.v2",
  ]
  solver-name = "gps-cdcl"
  solver-version = 1
